{
  "name": "Formula1-Crash-Stats",
  "lockfileVersion": 2,
  "requires": true,
  "packages": {
    "": {
      "dependencies": {
        "datatables.net-dt": "^1.12.1",
        "highcharts": "^10.2.1",
        "jquery": "^3.6.1"
      }
    },
    "node_modules/datatables.net": {
      "version": "1.12.1",
      "resolved": "https://registry.npmjs.org/datatables.net/-/datatables.net-1.12.1.tgz",
      "integrity": "sha512-e6XAMUoV41JdQPS/r9YRfRcmTPcCVvyZbWI+xog1Zg+kjVliMQbEkvWK5XFItmi64Cvwg+IqsZbTUJ1KSY3umA==",
      "dependencies": {
        "jquery": ">=1.7"
      }
    },
    "node_modules/datatables.net-dt": {
      "version": "1.12.1",
      "resolved": "https://registry.npmjs.org/datatables.net-dt/-/datatables.net-dt-1.12.1.tgz",
      "integrity": "sha512-HYsHbSYqOqlgsgjKMH/kkCB5455t51GmmtXRxgnDMRbjPLEIKo5CZmAlUe5mdD/RVPRtAUaj5K3SDlkEZ1bUmw==",
      "dependencies": {
        "datatables.net": ">=1.11.3",
        "jquery": ">=1.7"
      }
    },
    "node_modules/highcharts": {
      "version": "10.2.1",
      "resolved": "https://registry.npmjs.org/highcharts/-/highcharts-10.2.1.tgz",
      "integrity": "sha512-4QwLQwWc0XdBHXc2Uy6IJisAUir+sgQIMyFqYZc3BD9iFSFUdllLkRyoed6y33aPb73LAMZE2qLB5SuLqFE/fg=="
    },
    "node_modules/jquery": {
      "version": "3.6.1",
      "resolved": "https://registry.npmjs.org/jquery/-/jquery-3.6.1.tgz",
      "integrity": "sha512-opJeO4nCucVnsjiXOE+/PcCgYw9Gwpvs/a6B1LL/lQhwWwpbVEVYDZ1FokFr8PRc7ghYlrFPuyHuiiDNTQxmcw=="
    }
  },
  "dependencies": {
    "datatables.net": {
      "version": "1.12.1",
      "resolved": "https://registry.npmjs.org/datatables.net/-/datatables.net-1.12.1.tgz",
      "integrity": "sha512-e6XAMUoV41JdQPS/r9YRfRcmTPcCVvyZbWI+xog1Zg+kjVliMQbEkvWK5XFItmi64Cvwg+IqsZbTUJ1KSY3umA==",
      "requires": {
        "jquery": ">=1.7"
      }
    },
    "datatables.net-dt": {
      "version": "1.12.1",
      "resolved": "https://registry.npmjs.org/datatables.net-dt/-/datatables.net-dt-1.12.1.tgz",
      "integrity": "sha512-HYsHbSYqOqlgsgjKMH/kkCB5455t51GmmtXRxgnDMRbjPLEIKo5CZmAlUe5mdD/RVPRtAUaj5K3SDlkEZ1bUmw==",
      "requires": {
        "datatables.net": ">=1.11.3",
        "jquery": ">=1.7"
      }
    },
    "highcharts": {
      "version": "10.2.1",
      "resolved": "https://registry.npmjs.org/highcharts/-/highcharts-10.2.1.tgz",
      "integrity": "sha512-4QwLQwWc0XdBHXc2Uy6IJisAUir+sgQIMyFqYZc3BD9iFSFUdllLkRyoed6y33aPb73LAMZE2qLB5SuLqFE/fg=="
    },
    "jquery": {
      "version": "3.6.1",
      "resolved": "https://registry.npmjs.org/jquery/-/jquery-3.6.1.tgz",
      "integrity": "sha512-opJeO4nCucVnsjiXOE+/PcCgYw9Gwpvs/a6B1LL/lQhwWwpbVEVYDZ1FokFr8PRc7ghYlrFPuyHuiiDNTQxmcw=="
    }
  }
}
